
Microsoft Visual Studio Solution File, Format Version 12.00
# Visual Studio Version 16
VisualStudioVersion = 16.0.31019.35
MinimumVisualStudioVersion = 10.0.40219.1
Project("{FAE04EC0-301F-11D3-BF4B-00C04F79EFBC}") = "armenianprayer.Android", "armenianprayer\armenianprayer.Android\armenianprayer.Android.csproj", "{F5485847-27D0-4EE2-BECE-CA4B106B3531}"
EndProject
Project("{FAE04EC0-301F-11D3-BF4B-00C04F79EFBC}") = "armenianprayer.iOS", "armenianprayer\armenianprayer.iOS\armenianprayer.iOS.csproj", "{A0A7CE6C-01B0-40B0-AB24-DA5A37707659}"
EndProject
Project("{FAE04EC0-301F-11D3-BF4B-00C04F79EFBC}") = "armenianprayer", "armenianprayer\armenianprayer\armenianprayer.csproj", "{844886C9-8A3B-441F-878D-D296FE98BF0F}"
EndProject
Global
	GlobalSection(SolutionConfigurationPlatforms) = preSolution
		Debug|Any CPU = Debug|Any CPU
		Debug|iPhone = Debug|iPhone
		Debug|iPhoneSimulator = Debug|iPhoneSimulator
		Release|Any CPU = Release|Any CPU
		Release|iPhone = Release|iPhone
		Release|iPhoneSimulator = Release|iPhoneSimulator
	EndGlobalSection
	GlobalSection(ProjectConfigurationPlatforms) = postSolution
		{F5485847-27D0-4EE2-BECE-CA4B106B3531}.Debug|Any CPU.ActiveCfg = Debug|Any CPU
		{F5485847-27D0-4EE2-BECE-CA4B106B3531}.Debug|Any CPU.Build.0 = Debug|Any CPU
		{F5485847-27D0-4EE2-BECE-CA4B106B3531}.Debug|Any CPU.Deploy.0 = Debug|Any CPU
		{F5485847-27D0-4EE2-BECE-CA4B106B3531}.Debug|iPhone.ActiveCfg = Debug|Any CPU
		{F5485847-27D0-4EE2-BECE-CA4B106B3531}.Debug|iPhone.Build.0 = Debug|Any CPU
		{F5485847-27D0-4EE2-BECE-CA4B106B3531}.Debug|iPhone.Deploy.0 = Debug|Any CPU
		{F5485847-27D0-4EE2-BECE-CA4B106B3531}.Debug|iPhoneSimulator.ActiveCfg = Debug|Any CPU
		{F5485847-27D0-4EE2-BECE-CA4B106B3531}.Debug|iPhoneSimulator.Build.0 = Debug|Any CPU
		{F5485847-27D0-4EE2-BECE-CA4B106B3531}.Debug|iPhoneSimulator.Deploy.0 = Debug|Any CPU
		{F5485847-27D0-4EE2-BECE-CA4B106B3531}.Release|Any CPU.ActiveCfg = Release|Any CPU
		{F5485847-27D0-4EE2-BECE-CA4B106B3531}.Release|Any CPU.Build.0 = Release|Any CPU
		{F5485847-27D0-4EE2-BECE-CA4B106B3531}.Release|Any CPU.Deploy.0 = Release|Any CPU
		{F5485847-27D0-4EE2-BECE-CA4B106B3531}.Release|iPhone.ActiveCfg = Release|Any CPU
		{F5485847-27D0-4EE2-BECE-CA4B106B3531}.Release|iPhone.Build.0 = Release|Any CPU
		{F5485847-27D0-4EE2-BECE-CA4B106B3531}.Release|iPhone.Deploy.0 = Release|Any CPU
		{F5485847-27D0-4EE2-BECE-CA4B106B3531}.Release|iPhoneSimulator.ActiveCfg = Release|Any CPU
		{F5485847-27D0-4EE2-BECE-CA4B106B3531}.Release|iPhoneSimulator.Build.0 = Release|Any CPU
		{F5485847-27D0-4EE2-BECE-CA4B106B3531}.Release|iPhoneSimulator.Deploy.0 = Release|Any CPU
		{A0A7CE6C-01B0-40B0-AB24-DA5A37707659}.Debug|Any CPU.ActiveCfg = Debug|iPhone
		{A0A7CE6C-01B0-40B0-AB24-DA5A37707659}.Debug|Any CPU.Build.0 = Debug|iPhone
		{A0A7CE6C-01B0-40B0-AB24-DA5A37707659}.Debug|Any CPU.Deploy.0 = Debug|iPhone
		{A0A7CE6C-01B0-40B0-AB24-DA5A37707659}.Debug|iPhone.ActiveCfg = Debug|iPhone
		{A0A7CE6C-01B0-40B0-AB24-DA5A37707659}.Debug|iPhone.Build.0 = Debug|iPhone
		{A0A7CE6C-01B0-40B0-AB24-DA5A37707659}.Debug|iPhone.Deploy.0 = Debug|iPhone
		{A0A7CE6C-01B0-40B0-AB24-DA5A37707659}.Debug|iPhoneSimulator.ActiveCfg = Debug|iPhoneSimulator
		{A0A7CE6C-01B0-40B0-AB24-DA5A37707659}.Debug|iPhoneSimulator.Build.0 = Debug|iPhoneSimulator
		{A0A7CE6C-01B0-40B0-AB24-DA5A37707659}.Debug|iPhoneSimulator.Deploy.0 = Debug|iPhoneSimulator
		{A0A7CE6C-01B0-40B0-AB24-DA5A37707659}.Release|Any CPU.ActiveCfg = Release|iPhoneSimulator
		{A0A7CE6C-01B0-40B0-AB24-DA5A37707659}.Release|Any CPU.Build.0 = Release|iPhoneSimulator
		{A0A7CE6C-01B0-40B0-AB24-DA5A37707659}.Release|Any CPU.Deploy.0 = Release|iPhoneSimulator
		{A0A7CE6C-01B0-40B0-AB24-DA5A37707659}.Release|iPhone.ActiveCfg = Release|iPhone
		{A0A7CE6C-01B0-40B0-AB24-DA5A37707659}.Release|iPhone.Build.0 = Release|iPhone
		{A0A7CE6C-01B0-40B0-AB24-DA5A37707659}.Release|iPhone.Deploy.0 = Release|iPhone
		{A0A7CE6C-01B0-40B0-AB24-DA5A37707659}.Release|iPhoneSimulator.ActiveCfg = Release|iPhoneSimulator
		{A0A7CE6C-01B0-40B0-AB24-DA5A37707659}.Release|iPhoneSimulator.Build.0 = Release|iPhoneSimulator
		{A0A7CE6C-01B0-40B0-AB24-DA5A37707659}.Release|iPhoneSimulator.Deploy.0 = Release|iPhoneSimulator
		{844886C9-8A3B-441F-878D-D296FE98BF0F}.Debug|Any CPU.ActiveCfg = Debug|Any CPU
		{844886C9-8A3B-441F-878D-D296FE98BF0F}.Debug|Any CPU.Build.0 = Debug|Any CPU
		{844886C9-8A3B-441F-878D-D296FE98BF0F}.Debug|Any CPU.Deploy.0 = Debug|Any CPU
		{844886C9-8A3B-441F-878D-D296FE98BF0F}.Debug|iPhone.ActiveCfg = Debug|Any CPU
		{844886C9-8A3B-441F-878D-D296FE98BF0F}.Debug|iPhone.Build.0 = Debug|Any CPU
		{844886C9-8A3B-441F-878D-D296FE98BF0F}.Debug|iPhone.Deploy.0 = Debug|Any CPU
		{844886C9-8A3B-441F-878D-D296FE98BF0F}.Debug|iPhoneSimulator.ActiveCfg = Debug|Any CPU
		{844886C9-8A3B-441F-878D-D296FE98BF0F}.Debug|iPhoneSimulator.Build.0 = Debug|Any CPU
		{844886C9-8A3B-441F-878D-D296FE98BF0F}.Debug|iPhoneSimulator.Deploy.0 = Debug|Any CPU
		{844886C9-8A3B-441F-878D-D296FE98BF0F}.Release|Any CPU.ActiveCfg = Release|Any CPU
		{844886C9-8A3B-441F-878D-D296FE98BF0F}.Release|Any CPU.Build.0 = Release|Any CPU
		{844886C9-8A3B-441F-878D-D296FE98BF0F}.Release|Any CPU.Deploy.0 = Release|Any CPU
		{844886C9-8A3B-441F-878D-D296FE98BF0F}.Release|iPhone.ActiveCfg = Release|Any CPU
		{844886C9-8A3B-441F-878D-D296FE98BF0F}.Release|iPhone.Build.0 = Release|Any CPU
		{844886C9-8A3B-441F-878D-D296FE98BF0F}.Release|iPhone.Deploy.0 = Release|Any CPU
		{844886C9-8A3B-441F-878D-D296FE98BF0F}.Release|iPhoneSimulator.ActiveCfg = Release|Any CPU
		{844886C9-8A3B-441F-878D-D296FE98BF0F}.Release|iPhoneSimulator.Build.0 = Release|Any CPU
		{844886C9-8A3B-441F-878D-D296FE98BF0F}.Release|iPhoneSimulator.Deploy.0 = Release|Any CPU
	EndGlobalSection
	GlobalSection(SolutionProperties) = preSolution
		HideSolutionNode = FALSE
	EndGlobalSection
	GlobalSection(ExtensibilityGlobals) = postSolution
		SolutionGuid = {7890843D-BD58-4DB0-ADCA-71A2D5E5D75F}
	EndGlobalSection
EndGlobal
